// !$*UTF8*$!
{
	archiveVersion = 1;
	classes = {
	};
	objectVersion = 77;
	objects = {

/* Begin PBXContainerItemProxy section */
		0FF623C22DCAED3500F13BAF /* PBXContainerItemProxy */ = {
			isa = PBXContainerItemProxy;
			containerPortal = 0FF623AC2DCAED3300F13BAF /* Project object */;
			proxyType = 1;
			remoteGlobalIDString = 0FF623B32DCAED3300F13BAF;
			remoteInfo = MYDCC;
		};
		0FF623CC2DCAED3500F13BAF /* PBXContainerItemProxy */ = {
			isa = PBXContainerItemProxy;
			containerPortal = 0FF623AC2DCAED3300F13BAF /* Project object */;
			proxyType = 1;
			remoteGlobalIDString = 0FF623B32DCAED3300F13BAF;
			remoteInfo = MYDCC;
		};
/* End PBXContainerItemProxy section */

/* Begin PBXFileReference section */
		0FF623B42DCAED3300F13BAF /* MYDCC.app */ = {isa = PBXFileReference; explicitFileType = wrapper.application; includeInIndex = 0; path = MYDCC.app; sourceTree = BUILT_PRODUCTS_DIR; };
		0FF623C12DCAED3500F13BAF /* MYDCCTests.xctest */ = {isa = PBXFileReference; explicitFileType = wrapper.cfbundle; includeInIndex = 0; path = MYDCCTests.xctest; sourceTree = BUILT_PRODUCTS_DIR; };
		0FF623CB2DCAED3500F13BAF /* MYDCCUITests.xctest */ = {isa = PBXFileReference; explicitFileType = wrapper.cfbundle; includeInIndex = 0; path = MYDCCUITests.xctest; sourceTree = BUILT_PRODUCTS_DIR; };
/* End PBXFileReference section */

/* Begin PBXFileSystemSynchronizedBuildFileExceptionSet section */
		0FF624042DCAFFBA00F13BAF /* Exceptions for "MYDCC" folder in "MYDCC" target */ = {
			isa = PBXFileSystemSynchronizedBuildFileExceptionSet;
			membershipExceptions = (
				Info.plist,
			);
			target = 0FF623B32DCAED3300F13BAF /* MYDCC */;
		};
/* End PBXFileSystemSynchronizedBuildFileExceptionSet section */

/* Begin PBXFileSystemSynchronizedRootGroup section */
		0FF623B62DCAED3300F13BAF /* MYDCC */ = {
			isa = PBXFileSystemSynchronizedRootGroup;
			exceptions = (
				0FF624042DCAFFBA00F13BAF /* Exceptions for "MYDCC" folder in "MYDCC" target */,
			);
			path = MYDCC;
			sourceTree = "<group>";
		};
		0FF623C42DCAED3500F13BAF /* MYDCCTests */ = {
			isa = PBXFileSystemSynchronizedRootGroup;
			path = MYDCCTests;
			sourceTree = "<group>";
		};
		0FF623CE2DCAED3500F13BAF /* MYDCCUITests */ = {
			isa = PBXFileSystemSynchronizedRootGroup;
			path = MYDCCUITests;
			sourceTree = "<group>";
		};
/* End PBXFileSystemSynchronizedRootGroup section */

/* Begin PBXFrameworksBuildPhase section */
		0FF623B12DCAED3300F13BAF /* Frameworks */ = {
			isa = PBXFrameworksBuildPhase;
			buildActionMask = 2147483647;
			files = (
			);
			runOnlyForDeploymentPostprocessing = 0;
		};
		0FF623BE2DCAED3500F13BAF /* Frameworks */ = {
			isa = PBXFrameworksBuildPhase;
			buildActionMask = 2147483647;
			files = (
			);
			runOnlyForDeploymentPostprocessing = 0;
		};
		0FF623C82DCAED3500F13BAF /* Frameworks */ = {
			isa = PBXFrameworksBuildPhase;
			buildActionMask = 2147483647;
			files = (
			);
			runOnlyForDeploymentPostprocessing = 0;
		};
/* End PBXFrameworksBuildPhase section */

/* Begin PBXGroup section */
		0FF623AB2DCAED3300F13BAF = {
			isa = PBXGroup;
			children = (
				0FF623B62DCAED3300F13BAF /* MYDCC */,
				0FF623C42DCAED3500F13BAF /* MYDCCTests */,
				0FF623CE2DCAED3500F13BAF /* MYDCCUITests */,
				0FF623B52DCAED3300F13BAF /* Products */,
			);
			sourceTree = "<group>";
		};
		0FF623B52DCAED3300F13BAF /* Products */ = {
			isa = PBXGroup;
			children = (
				0FF623B42DCAED3300F13BAF /* MYDCC.app */,
				0FF623C12DCAED3500F13BAF /* MYDCCTests.xctest */,
				0FF623CB2DCAED3500F13BAF /* MYDCCUITests.xctest */,
			);
			name = Products;
			sourceTree = "<group>";
		};
/* End PBXGroup section */

/* Begin PBXNativeTarget section */
		0FF623B32DCAED3300F13BAF /* MYDCC */ = {
			isa = PBXNativeTarget;
			buildConfigurationList = 0FF623D52DCAED3500F13BAF /* Build configuration list for PBXNativeTarget "MYDCC" */;
			buildPhases = (
				0FF623B02DCAED3300F13BAF /* Sources */,
				0FF623B12DCAED3300F13BAF /* Frameworks */,
				0FF623B22DCAED3300F13BAF /* Resources */,
			);
			buildRules = (
			);
			dependencies = (
			);
			fileSystemSynchronizedGroups = (
				0FF623B62DCAED3300F13BAF /* MYDCC */,
			);
			name = MYDCC;
			packageProductDependencies = (
			);
			productName = MYDCC;
			productReference = 0FF623B42DCAED3300F13BAF /* MYDCC.app */;
			productType = "com.apple.product-type.application";
		};
		0FF623C02DCAED3500F13BAF /* MYDCCTests */ = {
			isa = PBXNativeTarget;
			buildConfigurationList = 0FF623D82DCAED3500F13BAF /* Build configuration list for PBXNativeTarget "MYDCCTests" */;
			buildPhases = (
				0FF623BD2DCAED3500F13BAF /* Sources */,
				0FF623BE2DCAED3500F13BAF /* Frameworks */,
				0FF623BF2DCAED3500F13BAF /* Resources */,
			);
			buildRules = (
			);
			dependencies = (
				0FF623C32DCAED3500F13BAF /* PBXTargetDependency */,
			);
			fileSystemSynchronizedGroups = (
				0FF623C42DCAED3500F13BAF /* MYDCCTests */,
			);
			name = MYDCCTests;
			packageProductDependencies = (
			);
			productName = MYDCCTests;
			productReference = 0FF623C12DCAED3500F13BAF /* MYDCCTests.xctest */;
			productType = "com.apple.product-type.bundle.unit-test";
		};
		0FF623CA2DCAED3500F13BAF /* MYDCCUITests */ = {
			isa = PBXNativeTarget;
			buildConfigurationList = 0FF623DB2DCAED3500F13BAF /* Build configuration list for PBXNativeTarget "MYDCCUITests" */;
			buildPhases = (
				0FF623C72DCAED3500F13BAF /* Sources */,
				0FF623C82DCAED3500F13BAF /* Frameworks */,
				0FF623C92DCAED3500F13BAF /* Resources */,
			);
			buildRules = (
			);
			dependencies = (
				0FF623CD2DCAED3500F13BAF /* PBXTargetDependency */,
			);
			fileSystemSynchronizedGroups = (
				0FF623CE2DCAED3500F13BAF /* MYDCCUITests */,
			);
			name = MYDCCUITests;
			packageProductDependencies = (
			);
			productName = MYDCCUITests;
			productReference = 0FF623CB2DCAED3500F13BAF /* MYDCCUITests.xctest */;
			productType = "com.apple.product-type.bundle.ui-testing";
		};
/* End PBXNativeTarget section */

/* Begin PBXProject section */
		0FF623AC2DCAED3300F13BAF /* Project object */ = {
			isa = PBXProject;
			attributes = {
				BuildIndependentTargetsInParallel = 1;
				LastSwiftUpdateCheck = 1630;
				LastUpgradeCheck = 1630;
				TargetAttributes = {
					0FF623B32DCAED3300F13BAF = {
						CreatedOnToolsVersion = 16.3;
					};
					0FF623C02DCAED3500F13BAF = {
						CreatedOnToolsVersion = 16.3;
						TestTargetID = 0FF623B32DCAED3300F13BAF;
					};
					0FF623CA2DCAED3500F13BAF = {
						CreatedOnToolsVersion = 16.3;
						TestTargetID = 0FF623B32DCAED3300F13BAF;
					};
				};
			};
			buildConfigurationList = 0FF623AF2DCAED3300F13BAF /* Build configuration list for PBXProject "MYDCC" */;
			developmentRegion = en;
			hasScannedForEncodings = 0;
			knownRegions = (
				en,
				Base,
			);
			mainGroup = 0FF623AB2DCAED3300F13BAF;
			minimizedProjectReferenceProxies = 1;
			preferredProjectObjectVersion = 77;
			productRefGroup = 0FF623B52DCAED3300F13BAF /* Products */;
			projectDirPath = "";
			projectRoot = "";
			targets = (
				0FF623B32DCAED3300F13BAF /* MYDCC */,
				0FF623C02DCAED3500F13BAF /* MYDCCTests */,
				0FF623CA2DCAED3500F13BAF /* MYDCCUITests */,
			);
		};
/* End PBXProject section */

/* Begin PBXResourcesBuildPhase section */
		0FF623B22DCAED3300F13BAF /* Resources */ = {
			isa = PBXResourcesBuildPhase;
			buildActionMask = 2147483647;
			files = (
			);
			runOnlyForDeploymentPostprocessing = 0;
		};
		0FF623BF2DCAED3500F13BAF /* Resources */ = {
			isa = PBXResourcesBuildPhase;
			buildActionMask = 2147483647;
			files = (
			);
			runOnlyForDeploymentPostprocessing = 0;
		};
		0FF623C92DCAED3500F13BAF /* Resources */ = {
			isa = PBXResourcesBuildPhase;
			buildActionMask = 2147483647;
			files = (
			);
			runOnlyForDeploymentPostprocessing = 0;
		};
/* End PBXResourcesBuildPhase section */

/* Begin PBXSourcesBuildPhase section */
		0FF623B02DCAED3300F13BAF /* Sources */ = {
			isa = PBXSourcesBuildPhase;
			buildActionMask = 2147483647;
			files = (
			);
			runOnlyForDeploymentPostprocessing = 0;
		};
		0FF623BD2DCAED3500F13BAF /* Sources */ = {
			isa = PBXSourcesBuildPhase;
			buildActionMask = 2147483647;
			files = (
			);
			runOnlyForDeploymentPostprocessing = 0;
		};
		0FF623C72DCAED3500F13BAF /* Sources */ = {
			isa = PBXSourcesBuildPhase;
			buildActionMask = 2147483647;
			files = (
			);
			runOnlyForDeploymentPostprocessing = 0;
		};
/* End PBXSourcesBuildPhase section */

/* Begin PBXTargetDependency section */
		0FF623C32DCAED3500F13BAF /* PBXTargetDependency */ = {
			isa = PBXTargetDependency;
			target = 0FF623B32DCAED3300F13BAF /* MYDCC */;
			targetProxy = 0FF623C22DCAED3500F13BAF /* PBXContainerItemProxy */;
		};
		0FF623CD2DCAED3500F13BAF /* PBXTargetDependency */ = {
			isa = PBXTargetDependency;
			target = 0FF623B32DCAED3300F13BAF /* MYDCC */;
			targetProxy = 0FF623CC2DCAED3500F13BAF /* PBXContainerItemProxy */;
		};
/* End PBXTargetDependency section */

/* Begin XCBuildConfiguration section */
		0FF623D32DCAED3500F13BAF /* Debug */ = {
			isa = XCBuildConfiguration;
			buildSettings = {
				ALWAYS_SEARCH_USER_PATHS = NO;
				ASSETCATALOG_COMPILER_GENERATE_SWIFT_ASSET_SYMBOL_EXTENSIONS = YES;
				CLANG_ANALYZER_NONNULL = YES;
				CLANG_ANALYZER_NUMBER_OBJECT_CONVERSION = YES_AGGRESSIVE;
				CLANG_CXX_LANGUAGE_STANDARD = "gnu++20";
				CLANG_ENABLE_MODULES = YES;
				CLANG_ENABLE_OBJC_ARC = YES;
				CLANG_ENABLE_OBJC_WEAK = YES;
				CLANG_WARN_BLOCK_CAPTURE_AUTORELEASING = YES;
				CLANG_WARN_BOOL_CONVERSION = YES;
				CLANG_WARN_COMMA = YES;
				CLANG_WARN_CONSTANT_CONVERSION = YES;
				CLANG_WARN_DEPRECATED_OBJC_IMPLEMENTATIONS = YES;
				CLANG_WARN_DIRECT_OBJC_ISA_USAGE = YES_ERROR;
				CLANG_WARN_DOCUMENTATION_COMMENTS = YES;
				CLANG_WARN_EMPTY_BODY = YES;
				CLANG_WARN_ENUM_CONVERSION = YES;
				CLANG_WARN_INFINITE_RECURSION = YES;
				CLANG_WARN_INT_CONVERSION = YES;
				CLANG_WARN_NON_LITERAL_NULL_CONVERSION = YES;
				CLANG_WARN_OBJC_IMPLICIT_RETAIN_SELF = YES;
				CLANG_WARN_OBJC_LITERAL_CONVERSION = YES;
				CLANG_WARN_OBJC_ROOT_CLASS = YES_ERROR;
				CLANG_WARN_QUOTED_INCLUDE_IN_FRAMEWORK_HEADER = YES;
				CLANG_WARN_RANGE_LOOP_ANALYSIS = YES;
				CLANG_WARN_STRICT_PROTOTYPES = YES;
				CLANG_WARN_SUSPICIOUS_MOVE = YES;
				CLANG_WARN_UNGUARDED_AVAILABILITY = YES_AGGRESSIVE;
				CLANG_WARN_UNREACHABLE_CODE = YES;
				CLANG_WARN__DUPLICATE_METHOD_MATCH = YES;
				COPY_PHASE_STRIP = NO;
				DEBUG_INFORMATION_FORMAT = dwarf;
				ENABLE_STRICT_OBJC_MSGSEND = YES;
				ENABLE_TESTABILITY = YES;
				ENABLE_USER_SCRIPT_SANDBOXING = YES;
				GCC_C_LANGUAGE_STANDARD = gnu17;
				GCC_DYNAMIC_NO_PIC = NO;
				GCC_NO_COMMON_BLOCKS = YES;
				GCC_OPTIMIZATION_LEVEL = 0;
				GCC_PREPROCESSOR_DEFINITIONS = (
					"DEBUG=1",
					"$(inherited)",
				);
				GCC_WARN_64_TO_32_BIT_CONVERSION = YES;
				GCC_WARN_ABOUT_RETURN_TYPE = YES_ERROR;
				GCC_WARN_UNDECLARED_SELECTOR = YES;
				GCC_WARN_UNINITIALIZED_AUTOS = YES_AGGRESSIVE;
				GCC_WARN_UNUSED_FUNCTION = YES;
				GCC_WARN_UNUSED_VARIABLE = YES;
				IPHONEOS_DEPLOYMENT_TARGET = 18.4;
				LOCALIZATION_PREFERS_STRING_CATALOGS = YES;
				MTL_ENABLE_DEBUG_INFO = INCLUDE_SOURCE;
				MTL_FAST_MATH = YES;
				ONLY_ACTIVE_ARCH = YES;
				SDKROOT = iphoneos;
				SWIFT_ACTIVE_COMPILATION_CONDITIONS = "DEBUG $(inherited)";
				SWIFT_OPTIMIZATION_LEVEL = "-Onone";
			};
			name = Debug;
		};
		0FF623D42DCAED3500F13BAF /* Release */ = {
			isa = XCBuildConfiguration;
			buildSettings = {
				ALWAYS_SEARCH_USER_PATHS = NO;
				ASSETCATALOG_COMPILER_GENERATE_SWIFT_ASSET_SYMBOL_EXTENSIONS = YES;
				CLANG_ANALYZER_NONNULL = YES;
				CLANG_ANALYZER_NUMBER_OBJECT_CONVERSION = YES_AGGRESSIVE;
				CLANG_CXX_LANGUAGE_STANDARD = "gnu++20";
				CLANG_ENABLE_MODULES = YES;
				CLANG_ENABLE_OBJC_ARC = YES;
				CLANG_ENABLE_OBJC_WEAK = YES;
				CLANG_WARN_BLOCK_CAPTURE_AUTORELEASING = YES;
				CLANG_WARN_BOOL_CONVERSION = YES;
				CLANG_WARN_COMMA = YES;
				CLANG_WARN_CONSTANT_CONVERSION = YES;
				CLANG_WARN_DEPRECATED_OBJC_IMPLEMENTATIONS = YES;
				CLANG_WARN_DIRECT_OBJC_ISA_USAGE = YES_ERROR;
				CLANG_WARN_DOCUMENTATION_COMMENTS = YES;
				CLANG_WARN_EMPTY_BODY = YES;
				CLANG_WARN_ENUM_CONVERSION = YES;
				CLANG_WARN_INFINITE_RECURSION = YES;
				CLANG_WARN_INT_CONVERSION = YES;
				CLANG_WARN_NON_LITERAL_NULL_CONVERSION = YES;
				CLANG_WARN_OBJC_IMPLICIT_RETAIN_SELF = YES;
				CLANG_WARN_OBJC_LITERAL_CONVERSION = YES;
				CLANG_WARN_OBJC_ROOT_CLASS = YES_ERROR;
				CLANG_WARN_QUOTED_INCLUDE_IN_FRAMEWORK_HEADER = YES;
				CLANG_WARN_RANGE_LOOP_ANALYSIS = YES;
				CLANG_WARN_STRICT_PROTOTYPES = YES;
				CLANG_WARN_SUSPICIOUS_MOVE = YES;
				CLANG_WARN_UNGUARDED_AVAILABILITY = YES_AGGRESSIVE;
				CLANG_WARN_UNREACHABLE_CODE = YES;
				CLANG_WARN__DUPLICATE_METHOD_MATCH = YES;
				COPY_PHASE_STRIP = NO;
				DEBUG_INFORMATION_FORMAT = "dwarf-with-dsym";
				ENABLE_NS_ASSERTIONS = NO;
				ENABLE_STRICT_OBJC_MSGSEND = YES;
				ENABLE_USER_SCRIPT_SANDBOXING = YES;
				GCC_C_LANGUAGE_STANDARD = gnu17;
				GCC_NO_COMMON_BLOCKS = YES;
				GCC_WARN_64_TO_32_BIT_CONVERSION = YES;
				GCC_WARN_ABOUT_RETURN_TYPE = YES_ERROR;
				GCC_WARN_UNDECLARED_SELECTOR = YES;
				GCC_WARN_UNINITIALIZED_AUTOS = YES_AGGRESSIVE;
				GCC_WARN_UNUSED_FUNCTION = YES;
				GCC_WARN_UNUSED_VARIABLE = YES;
				IPHONEOS_DEPLOYMENT_TARGET = 18.4;
				LOCALIZATION_PREFERS_STRING_CATALOGS = YES;
				MTL_ENABLE_DEBUG_INFO = NO;
				MTL_FAST_MATH = YES;
				SDKROOT = iphoneos;
				SWIFT_COMPILATION_MODE = wholemodule;
				VALIDATE_PRODUCT = YES;
			};
			name = Release;
		};
		0FF623D62DCAED3500F13BAF /* Debug */ = {
			isa = XCBuildConfiguration;
			buildSettings = {
				ASSETCATALOG_COMPILER_APPICON_NAME = AppIcon;
				ASSETCATALOG_COMPILER_GLOBAL_ACCENT_COLOR_NAME = AccentColor;
				CODE_SIGN_STYLE = Automatic;
				CURRENT_PROJECT_VERSION = 1;
				DEVELOPMENT_TEAM = 76A6HZ2YYY;
				ENABLE_PREVIEWS = YES;
				GENERATE_INFOPLIST_FILE = YES;
				INFOPLIST_FILE = MYDCC/Info.plist;
				INFOPLIST_KEY_NSLocalNetworkUsageDescription = "This app needs to access the local network to discover and control DCC-EX model train systems.";
				INFOPLIST_KEY_UIApplicationSceneManifest_Generation = YES;
				INFOPLIST_KEY_UIApplicationSupportsIndirectInputEvents = YES;
				INFOPLIST_KEY_UILaunchScreen_Generation = YES;
				INFOPLIST_KEY_UISupportedInterfaceOrientations_iPad = "UIInterfaceOrientationPortrait UIInterfaceOrientationPortraitUpsideDown UIInterfaceOrientationLandscapeLeft UIInterfaceOrientationLandscapeRight";
				INFOPLIST_KEY_UISupportedInterfaceOrientations_iPhone = "UIInterfaceOrientationPortrait UIInterfaceOrientationLandscapeLeft UIInterfaceOrientationLandscapeRight";
				LD_RUNPATH_SEARCH_PATHS = (
					"$(inherited)",
					"@executable_path/Frameworks",
				);
				MARKETING_VERSION = 1.0;
				PRODUCT_BUNDLE_IDENTIFIER = Amit.MYDCC;
				PRODUCT_NAME = "$(TARGET_NAME)";
				SWIFT_EMIT_LOC_STRINGS = YES;
				SWIFT_VERSION = 5.0;
				TARGETED_DEVICE_FAMILY = "1,2";
			};
			name = Debug;
		};
		0FF623D72DCAED3500F13BAF /* Release */ = {
			isa = XCBuildConfiguration;
			buildSettings = {
				ASSETCATALOG_COMPILER_APPICON_NAME = AppIcon;
				ASSETCATALOG_COMPILER_GLOBAL_ACCENT_COLOR_NAME = AccentColor;
				CODE_SIGN_STYLE = Automatic;
				CURRENT_PROJECT_VERSION = 1;
				DEVELOPMENT_TEAM = 76A6HZ2YYY;
				ENABLE_PREVIEWS = YES;
				GENERATE_INFOPLIST_FILE = YES;
				INFOPLIST_FILE = MYDCC/Info.plist;
				INFOPLIST_KEY_NSLocalNetworkUsageDescription = "This app needs to access the local network to discover and control DCC-EX model train systems.";
				INFOPLIST_KEY_UIApplicationSceneManifest_Generation = YES;
				INFOPLIST_KEY_UIApplicationSupportsIndirectInputEvents = YES;
				INFOPLIST_KEY_UILaunchScreen_Generation = YES;
				INFOPLIST_KEY_UISupportedInterfaceOrientations_iPad = "UIInterfaceOrientationPortrait UIInterfaceOrientationPortraitUpsideDown UIInterfaceOrientationLandscapeLeft UIInterfaceOrientationLandscapeRight";
				INFOPLIST_KEY_UISupportedInterfaceOrientations_iPhone = "UIInterfaceOrientationPortrait UIInterfaceOrientationLandscapeLeft UIInterfaceOrientationLandscapeRight";
				LD_RUNPATH_SEARCH_PATHS = (
					"$(inherited)",
					"@executable_path/Frameworks",
				);
				MARKETING_VERSION = 1.0;
				PRODUCT_BUNDLE_IDENTIFIER = Amit.MYDCC;
				PRODUCT_NAME = "$(TARGET_NAME)";
				SWIFT_EMIT_LOC_STRINGS = YES;
				SWIFT_VERSION = 5.0;
				TARGETED_DEVICE_FAMILY = "1,2";
			};
			name = Release;
		};
		0FF623D92DCAED3500F13BAF /* Debug */ = {
			isa = XCBuildConfiguration;
			buildSettings = {
				BUNDLE_LOADER = "$(TEST_HOST)";
				CODE_SIGN_STYLE = Automatic;
				CURRENT_PROJECT_VERSION = 1;
				GENERATE_INFOPLIST_FILE = YES;
				IPHONEOS_DEPLOYMENT_TARGET = 18.4;
				MARKETING_VERSION = 1.0;
				PRODUCT_BUNDLE_IDENTIFIER = Amit.MYDCCTests;
				PRODUCT_NAME = "$(TARGET_NAME)";
				SWIFT_EMIT_LOC_STRINGS = NO;
				SWIFT_VERSION = 5.0;
				TARGETED_DEVICE_FAMILY = "1,2";
				TEST_HOST = "$(BUILT_PRODUCTS_DIR)/MYDCC.app/$(BUNDLE_EXECUTABLE_FOLDER_PATH)/MYDCC";
			};
			name = Debug;
		};
		0FF623DA2DCAED3500F13BAF /* Release */ = {
			isa = XCBuildConfiguration;
			buildSettings = {
				BUNDLE_LOADER = "$(TEST_HOST)";
				CODE_SIGN_STYLE = Automatic;
				CURRENT_PROJECT_VERSION = 1;
				GENERATE_INFOPLIST_FILE = YES;
				IPHONEOS_DEPLOYMENT_TARGET = 18.4;
				MARKETING_VERSION = 1.0;
				PRODUCT_BUNDLE_IDENTIFIER = Amit.MYDCCTests;
				PRODUCT_NAME = "$(TARGET_NAME)";
				SWIFT_EMIT_LOC_STRINGS = NO;
				SWIFT_VERSION = 5.0;
				TARGETED_DEVICE_FAMILY = "1,2";
				TEST_HOST = "$(BUILT_PRODUCTS_DIR)/MYDCC.app/$(BUNDLE_EXECUTABLE_FOLDER_PATH)/MYDCC";
			};
			name = Release;
		};
		0FF623DC2DCAED3500F13BAF /* Debug */ = {
			isa = XCBuildConfiguration;
			buildSettings = {
				CODE_SIGN_STYLE = Automatic;
				CURRENT_PROJECT_VERSION = 1;
				GENERATE_INFOPLIST_FILE = YES;
				MARKETING_VERSION = 1.0;
				PRODUCT_BUNDLE_IDENTIFIER = Amit.MYDCCUITests;
				PRODUCT_NAME = "$(TARGET_NAME)";
				SWIFT_EMIT_LOC_STRINGS = NO;
				SWIFT_VERSION = 5.0;
				TARGETED_DEVICE_FAMILY = "1,2";
				TEST_TARGET_NAME = MYDCC;
			};
			name = Debug;
		};
		0FF623DD2DCAED3500F13BAF /* Release */ = {
			isa = XCBuildConfiguration;
			buildSettings = {
				CODE_SIGN_STYLE = Automatic;
				CURRENT_PROJECT_VERSION = 1;
				GENERATE_INFOPLIST_FILE = YES;
				MARKETING_VERSION = 1.0;
				PRODUCT_BUNDLE_IDENTIFIER = Amit.MYDCCUITests;
				PRODUCT_NAME = "$(TARGET_NAME)";
				SWIFT_EMIT_LOC_STRINGS = NO;
				SWIFT_VERSION = 5.0;
				TARGETED_DEVICE_FAMILY = "1,2";
				TEST_TARGET_NAME = MYDCC;
			};
			name = Release;
		};
/* End XCBuildConfiguration section */

/* Begin XCConfigurationList section */
		0FF623AF2DCAED3300F13BAF /* Build configuration list for PBXProject "MYDCC" */ = {
			isa = XCConfigurationList;
			buildConfigurations = (
				0FF623D32DCAED3500F13BAF /* Debug */,
				0FF623D42DCAED3500F13BAF /* Release */,
			);
			defaultConfigurationIsVisible = 0;
			defaultConfigurationName = Release;
		};
		0FF623D52DCAED3500F13BAF /* Build configuration list for PBXNativeTarget "MYDCC" */ = {
			isa = XCConfigurationList;
			buildConfigurations = (
				0FF623D62DCAED3500F13BAF /* Debug */,
				0FF623D72DCAED3500F13BAF /* Release */,
			);
			defaultConfigurationIsVisible = 0;
			defaultConfigurationName = Release;
		};
		0FF623D82DCAED3500F13BAF /* Build configuration list for PBXNativeTarget "MYDCCTests" */ = {
			isa = XCConfigurationList;
			buildConfigurations = (
				0FF623D92DCAED3500F13BAF /* Debug */,
				0FF623DA2DCAED3500F13BAF /* Release */,
			);
			defaultConfigurationIsVisible = 0;
			defaultConfigurationName = Release;
		};
		0FF623DB2DCAED3500F13BAF /* Build configuration list for PBXNativeTarget "MYDCCUITests" */ = {
			isa = XCConfigurationList;
			buildConfigurations = (
				0FF623DC2DCAED3500F13BAF /* Debug */,
				0FF623DD2DCAED3500F13BAF /* Release */,
			);
			defaultConfigurationIsVisible = 0;
			defaultConfigurationName = Release;
		};
/* End XCConfigurationList section */
	};
	rootObject = 0FF623AC2DCAED3300F13BAF /* Project object */;
}
